
Microsoft Visual Studio Solution File, Format Version 12.00
# Visual Studio Version 17
VisualStudioVersion = 17.13.35931.197
MinimumVisualStudioVersion = 10.0.40219.1
Project("{FAE04EC0-301F-11D3-BF4B-00C04F79EFBC}") = "Project1", "Project1\Project1.csproj", "{0D80EE7C-36E6-4340-94F4-656EAC39C0DA}"
EndProject
Project("{FAE04EC0-301F-11D3-BF4B-00C04F79EFBC}") = "Project2", "Project2\Project2.csproj", "{D570E7DC-3873-4702-9BF6-D7F85C5EF1B8}"
EndProject
Project("{FAE04EC0-301F-11D3-BF4B-00C04F79EFBC}") = "Project3", "Project3\Project3.csproj", "{C8F4616D-6428-48E0-8C22-B1142C657EBC}"
EndProject
Project("{FAE04EC0-301F-11D3-BF4B-00C04F79EFBC}") = "Project4", "Project4\Project4.csproj", "{5F91E0E8-A4B5-40C4-838A-8570CC10B8BF}"
EndProject
Global
	GlobalSection(SolutionConfigurationPlatforms) = preSolution
		Debug|Any CPU = Debug|Any CPU
		Release|Any CPU = Release|Any CPU
	EndGlobalSection
	GlobalSection(ProjectConfigurationPlatforms) = postSolution
		{0D80EE7C-36E6-4340-94F4-656EAC39C0DA}.Debug|Any CPU.ActiveCfg = Debug|Any CPU
		{0D80EE7C-36E6-4340-94F4-656EAC39C0DA}.Debug|Any CPU.Build.0 = Debug|Any CPU
		{0D80EE7C-36E6-4340-94F4-656EAC39C0DA}.Release|Any CPU.ActiveCfg = Release|Any CPU
		{0D80EE7C-36E6-4340-94F4-656EAC39C0DA}.Release|Any CPU.Build.0 = Release|Any CPU
		{D570E7DC-3873-4702-9BF6-D7F85C5EF1B8}.Debug|Any CPU.ActiveCfg = Debug|Any CPU
		{D570E7DC-3873-4702-9BF6-D7F85C5EF1B8}.Debug|Any CPU.Build.0 = Debug|Any CPU
		{D570E7DC-3873-4702-9BF6-D7F85C5EF1B8}.Release|Any CPU.ActiveCfg = Release|Any CPU
		{D570E7DC-3873-4702-9BF6-D7F85C5EF1B8}.Release|Any CPU.Build.0 = Release|Any CPU
		{C8F4616D-6428-48E0-8C22-B1142C657EBC}.Debug|Any CPU.ActiveCfg = Debug|Any CPU
		{C8F4616D-6428-48E0-8C22-B1142C657EBC}.Debug|Any CPU.Build.0 = Debug|Any CPU
		{C8F4616D-6428-48E0-8C22-B1142C657EBC}.Release|Any CPU.ActiveCfg = Release|Any CPU
		{C8F4616D-6428-48E0-8C22-B1142C657EBC}.Release|Any CPU.Build.0 = Release|Any CPU
		{5F91E0E8-A4B5-40C4-838A-8570CC10B8BF}.Debug|Any CPU.ActiveCfg = Debug|Any CPU
		{5F91E0E8-A4B5-40C4-838A-8570CC10B8BF}.Debug|Any CPU.Build.0 = Debug|Any CPU
		{5F91E0E8-A4B5-40C4-838A-8570CC10B8BF}.Release|Any CPU.ActiveCfg = Release|Any CPU
		{5F91E0E8-A4B5-40C4-838A-8570CC10B8BF}.Release|Any CPU.Build.0 = Release|Any CPU
	EndGlobalSection
	GlobalSection(SolutionProperties) = preSolution
		HideSolutionNode = FALSE
	EndGlobalSection
	GlobalSection(ExtensibilityGlobals) = postSolution
		SolutionGuid = {9092BCE9-CFDD-4E7E-A150-AC9EDA5051B9}
	EndGlobalSection
EndGlobal
