
Microsoft Visual Studio Solution File, Format Version 12.00
# Visual Studio Version 17
VisualStudioVersion = 17.13.35931.197 d17.13
MinimumVisualStudioVersion = 10.0.40219.1
Project("{FAE04EC0-301F-11D3-BF4B-00C04F79EFBC}") = "Project1", "Project1\Project1.csproj", "{0D80EE7C-36E6-4340-94F4-656EAC39C0DA}"
EndProject
Global
	GlobalSection(SolutionConfigurationPlatforms) = preSolution
		Debug|Any CPU = Debug|Any CPU
		Release|Any CPU = Release|Any CPU
	EndGlobalSection
	GlobalSection(ProjectConfigurationPlatforms) = postSolution
		{0D80EE7C-36E6-4340-94F4-656EAC39C0DA}.Debug|Any CPU.ActiveCfg = Debug|Any CPU
		{0D80EE7C-36E6-4340-94F4-656EAC39C0DA}.Debug|Any CPU.Build.0 = Debug|Any CPU
		{0D80EE7C-36E6-4340-94F4-656EAC39C0DA}.Release|Any CPU.ActiveCfg = Release|Any CPU
		{0D80EE7C-36E6-4340-94F4-656EAC39C0DA}.Release|Any CPU.Build.0 = Release|Any CPU
	EndGlobalSection
	GlobalSection(SolutionProperties) = preSolution
		HideSolutionNode = FALSE
	EndGlobalSection
	GlobalSection(ExtensibilityGlobals) = postSolution
		SolutionGuid = {9092BCE9-CFDD-4E7E-A150-AC9EDA5051B9}
	EndGlobalSection
EndGlobal
